
Microsoft Visual Studio Solution File, Format Version 12.00
# Visual Studio Version 16
VisualStudioVersion = 16.0.32002.261
MinimumVisualStudioVersion = 10.0.40219.1
Project("{FAE04EC0-301F-11D3-BF4B-00C04F79EFBC}") = "RMDataManagerAPILayer", "RMDataManagerAPILayer\RMDataManagerAPILayer.csproj", "{E8245A4D-91DD-43A1-8D37-88DCC60265B1}"
EndProject
Global
	GlobalSection(SolutionConfigurationPlatforms) = preSolution
		Debug|Any CPU = Debug|Any CPU
		Release|Any CPU = Release|Any CPU
	EndGlobalSection
	GlobalSection(ProjectConfigurationPlatforms) = postSolution
		{E8245A4D-91DD-43A1-8D37-88DCC60265B1}.Debug|Any CPU.ActiveCfg = Debug|Any CPU
		{E8245A4D-91DD-43A1-8D37-88DCC60265B1}.Debug|Any CPU.Build.0 = Debug|Any CPU
		{E8245A4D-91DD-43A1-8D37-88DCC60265B1}.Release|Any CPU.ActiveCfg = Release|Any CPU
		{E8245A4D-91DD-43A1-8D37-88DCC60265B1}.Release|Any CPU.Build.0 = Release|Any CPU
	EndGlobalSection
	GlobalSection(SolutionProperties) = preSolution
		HideSolutionNode = FALSE
	EndGlobalSection
	GlobalSection(ExtensibilityGlobals) = postSolution
		SolutionGuid = {B5A01450-F0F3-4D25-A439-9393C407E00E}
	EndGlobalSection
EndGlobal
